
Microsoft Visual Studio Solution File, Format Version 12.00
# Visual Studio Version 17
VisualStudioVersion = 17.3.32811.315
MinimumVisualStudioVersion = 10.0.40219.1
Project("{FAE04EC0-301F-11D3-BF4B-00C04F79EFBC}") = "Github", "Github\Github.csproj", "{0DFF51F5-596F-46DF-96C8-6B1FB1168600}"
EndProject
Global
	GlobalSection(SolutionConfigurationPlatforms) = preSolution
		Debug|Any CPU = Debug|Any CPU
		Release|Any CPU = Release|Any CPU
	EndGlobalSection
	GlobalSection(ProjectConfigurationPlatforms) = postSolution
		{0DFF51F5-596F-46DF-96C8-6B1FB1168600}.Debug|Any CPU.ActiveCfg = Debug|Any CPU
		{0DFF51F5-596F-46DF-96C8-6B1FB1168600}.Debug|Any CPU.Build.0 = Debug|Any CPU
		{0DFF51F5-596F-46DF-96C8-6B1FB1168600}.Release|Any CPU.ActiveCfg = Release|Any CPU
		{0DFF51F5-596F-46DF-96C8-6B1FB1168600}.Release|Any CPU.Build.0 = Release|Any CPU
	EndGlobalSection
	GlobalSection(SolutionProperties) = preSolution
		HideSolutionNode = FALSE
	EndGlobalSection
	GlobalSection(ExtensibilityGlobals) = postSolution
		SolutionGuid = {999FC288-580B-4AA1-9360-5CE9B9B4B2AB}
	EndGlobalSection
EndGlobal
